// !$*UTF8*$!
{
	archiveVersion = 1;
	classes = {
	};
	objectVersion = 56;
	objects = {

/* Begin PBXBuildFile section */
		CF3DBB4229D404C100FA0E7F /* AppDelegate.swift in Sources */ = {isa = PBXBuildFile; fileRef = CF3DBB4129D404C100FA0E7F /* AppDelegate.swift */; };
		CF3DBB4429D404C100FA0E7F /* SceneDelegate.swift in Sources */ = {isa = PBXBuildFile; fileRef = CF3DBB4329D404C100FA0E7F /* SceneDelegate.swift */; };
		CF3DBB4629D404C100FA0E7F /* DetailsViewController.swift in Sources */ = {isa = PBXBuildFile; fileRef = CF3DBB4529D404C100FA0E7F /* DetailsViewController.swift */; };
		CF3DBB4929D404C100FA0E7F /* Main.storyboard in Resources */ = {isa = PBXBuildFile; fileRef = CF3DBB4729D404C100FA0E7F /* Main.storyboard */; };
		CF3DBB4B29D404C300FA0E7F /* Assets.xcassets in Resources */ = {isa = PBXBuildFile; fileRef = CF3DBB4A29D404C300FA0E7F /* Assets.xcassets */; };
		CF3DBB4E29D404C300FA0E7F /* LaunchScreen.storyboard in Resources */ = {isa = PBXBuildFile; fileRef = CF3DBB4C29D404C300FA0E7F /* LaunchScreen.storyboard */; };
		CF3DBB5B29D40BFB00FA0E7F /* Coffee.swift in Sources */ = {isa = PBXBuildFile; fileRef = CF3DBB5A29D40BFB00FA0E7F /* Coffee.swift */; };
		CF3DBB5D29D4337E00FA0E7F /* DataStore.swift in Sources */ = {isa = PBXBuildFile; fileRef = CF3DBB5C29D4337E00FA0E7F /* DataStore.swift */; };
		CF3DBB6229D490CE00FA0E7F /* CoffeeTableViewController.swift in Sources */ = {isa = PBXBuildFile; fileRef = CF3DBB6129D490CE00FA0E7F /* CoffeeTableViewController.swift */; };
/* End PBXBuildFile section */

/* Begin PBXFileReference section */
		CF3DBB3E29D404C100FA0E7F /* Genuine coffee guide.app */ = {isa = PBXFileReference; explicitFileType = wrapper.application; includeInIndex = 0; path = "Genuine coffee guide.app"; sourceTree = BUILT_PRODUCTS_DIR; };
		CF3DBB4129D404C100FA0E7F /* AppDelegate.swift */ = {isa = PBXFileReference; lastKnownFileType = sourcecode.swift; path = AppDelegate.swift; sourceTree = "<group>"; };
		CF3DBB4329D404C100FA0E7F /* SceneDelegate.swift */ = {isa = PBXFileReference; lastKnownFileType = sourcecode.swift; path = SceneDelegate.swift; sourceTree = "<group>"; };
		CF3DBB4529D404C100FA0E7F /* DetailsViewController.swift */ = {isa = PBXFileReference; lastKnownFileType = sourcecode.swift; path = DetailsViewController.swift; sourceTree = "<group>"; };
		CF3DBB4829D404C100FA0E7F /* Base */ = {isa = PBXFileReference; lastKnownFileType = file.storyboard; name = Base; path = Base.lproj/Main.storyboard; sourceTree = "<group>"; };
		CF3DBB4A29D404C300FA0E7F /* Assets.xcassets */ = {isa = PBXFileReference; lastKnownFileType = folder.assetcatalog; path = Assets.xcassets; sourceTree = "<group>"; };
		CF3DBB4D29D404C300FA0E7F /* Base */ = {isa = PBXFileReference; lastKnownFileType = file.storyboard; name = Base; path = Base.lproj/LaunchScreen.storyboard; sourceTree = "<group>"; };
		CF3DBB4F29D404C300FA0E7F /* Info.plist */ = {isa = PBXFileReference; lastKnownFileType = text.plist.xml; path = Info.plist; sourceTree = "<group>"; };
		CF3DBB5A29D40BFB00FA0E7F /* Coffee.swift */ = {isa = PBXFileReference; lastKnownFileType = sourcecode.swift; path = Coffee.swift; sourceTree = "<group>"; };
		CF3DBB5C29D4337E00FA0E7F /* DataStore.swift */ = {isa = PBXFileReference; lastKnownFileType = sourcecode.swift; path = DataStore.swift; sourceTree = "<group>"; };
		CF3DBB6129D490CE00FA0E7F /* CoffeeTableViewController.swift */ = {isa = PBXFileReference; lastKnownFileType = sourcecode.swift; path = CoffeeTableViewController.swift; sourceTree = "<group>"; };
/* End PBXFileReference section */

/* Begin PBXFrameworksBuildPhase section */
		CF3DBB3B29D404C100FA0E7F /* Frameworks */ = {
			isa = PBXFrameworksBuildPhase;
			buildActionMask = 2147483647;
			files = (
			);
			runOnlyForDeploymentPostprocessing = 0;
		};
/* End PBXFrameworksBuildPhase section */

/* Begin PBXGroup section */
		CF3DBB3529D404C100FA0E7F = {
			isa = PBXGroup;
			children = (
				CF3DBB4029D404C100FA0E7F /* Genuine coffee guide */,
				CF3DBB3F29D404C100FA0E7F /* Products */,
			);
			sourceTree = "<group>";
		};
		CF3DBB3F29D404C100FA0E7F /* Products */ = {
			isa = PBXGroup;
			children = (
				CF3DBB3E29D404C100FA0E7F /* Genuine coffee guide.app */,
			);
			name = Products;
			sourceTree = "<group>";
		};
		CF3DBB4029D404C100FA0E7F /* Genuine coffee guide */ = {
			isa = PBXGroup;
			children = (
				CF3DBB6029D441CE00FA0E7F /* Resources */,
				CF3DBB5729D4050D00FA0E7F /* Services */,
				CF3DBB5629D4050B00FA0E7F /* ViewControllers */,
				CF3DBB5929D4054C00FA0E7F /* Storyboards */,
				CF3DBB5829D4051000FA0E7F /* App */,
				CF3DBB5529D4050500FA0E7F /* Model */,
			);
			path = "Genuine coffee guide";
			sourceTree = "<group>";
		};
		CF3DBB5529D4050500FA0E7F /* Model */ = {
			isa = PBXGroup;
			children = (
				CF3DBB5A29D40BFB00FA0E7F /* Coffee.swift */,
			);
			path = Model;
			sourceTree = "<group>";
		};
		CF3DBB5629D4050B00FA0E7F /* ViewControllers */ = {
			isa = PBXGroup;
			children = (
				CF3DBB4529D404C100FA0E7F /* DetailsViewController.swift */,
				CF3DBB6129D490CE00FA0E7F /* CoffeeTableViewController.swift */,
			);
			path = ViewControllers;
			sourceTree = "<group>";
		};
		CF3DBB5729D4050D00FA0E7F /* Services */ = {
			isa = PBXGroup;
			children = (
				CF3DBB5C29D4337E00FA0E7F /* DataStore.swift */,
			);
			path = Services;
			sourceTree = "<group>";
		};
		CF3DBB5829D4051000FA0E7F /* App */ = {
			isa = PBXGroup;
			children = (
				CF3DBB4129D404C100FA0E7F /* AppDelegate.swift */,
				CF3DBB4329D404C100FA0E7F /* SceneDelegate.swift */,
				CF3DBB4F29D404C300FA0E7F /* Info.plist */,
			);
			path = App;
			sourceTree = "<group>";
		};
		CF3DBB5929D4054C00FA0E7F /* Storyboards */ = {
			isa = PBXGroup;
			children = (
				CF3DBB4C29D404C300FA0E7F /* LaunchScreen.storyboard */,
				CF3DBB4729D404C100FA0E7F /* Main.storyboard */,
			);
			path = Storyboards;
			sourceTree = "<group>";
		};
		CF3DBB6029D441CE00FA0E7F /* Resources */ = {
			isa = PBXGroup;
			children = (
				CF3DBB4A29D404C300FA0E7F /* Assets.xcassets */,
			);
			path = Resources;
			sourceTree = "<group>";
		};
/* End PBXGroup section */

/* Begin PBXNativeTarget section */
		CF3DBB3D29D404C100FA0E7F /* Genuine coffee guide */ = {
			isa = PBXNativeTarget;
			buildConfigurationList = CF3DBB5229D404C300FA0E7F /* Build configuration list for PBXNativeTarget "Genuine coffee guide" */;
			buildPhases = (
				CF3DBB3A29D404C100FA0E7F /* Sources */,
				CF3DBB3B29D404C100FA0E7F /* Frameworks */,
				CF3DBB3C29D404C100FA0E7F /* Resources */,
			);
			buildRules = (
			);
			dependencies = (
			);
			name = "Genuine coffee guide";
			productName = "Genuine coffee guide";
			productReference = CF3DBB3E29D404C100FA0E7F /* Genuine coffee guide.app */;
			productType = "com.apple.product-type.application";
		};
/* End PBXNativeTarget section */

/* Begin PBXProject section */
		CF3DBB3629D404C100FA0E7F /* Project object */ = {
			isa = PBXProject;
			attributes = {
				BuildIndependentTargetsInParallel = 1;
				LastSwiftUpdateCheck = 1420;
				LastUpgradeCheck = 1420;
				TargetAttributes = {
					CF3DBB3D29D404C100FA0E7F = {
						CreatedOnToolsVersion = 14.2;
					};
				};
			};
			buildConfigurationList = CF3DBB3929D404C100FA0E7F /* Build configuration list for PBXProject "Genuine coffee guide" */;
			compatibilityVersion = "Xcode 14.0";
			developmentRegion = en;
			hasScannedForEncodings = 0;
			knownRegions = (
				en,
				Base,
			);
			mainGroup = CF3DBB3529D404C100FA0E7F;
			productRefGroup = CF3DBB3F29D404C100FA0E7F /* Products */;
			projectDirPath = "";
			projectRoot = "";
			targets = (
				CF3DBB3D29D404C100FA0E7F /* Genuine coffee guide */,
			);
		};
/* End PBXProject section */

/* Begin PBXResourcesBuildPhase section */
		CF3DBB3C29D404C100FA0E7F /* Resources */ = {
			isa = PBXResourcesBuildPhase;
			buildActionMask = 2147483647;
			files = (
				CF3DBB4E29D404C300FA0E7F /* LaunchScreen.storyboard in Resources */,
				CF3DBB4B29D404C300FA0E7F /* Assets.xcassets in Resources */,
				CF3DBB4929D404C100FA0E7F /* Main.storyboard in Resources */,
			);
			runOnlyForDeploymentPostprocessing = 0;
		};
/* End PBXResourcesBuildPhase section */

/* Begin PBXSourcesBuildPhase section */
		CF3DBB3A29D404C100FA0E7F /* Sources */ = {
			isa = PBXSourcesBuildPhase;
			buildActionMask = 2147483647;
			files = (
				CF3DBB4629D404C100FA0E7F /* DetailsViewController.swift in Sources */,
				CF3DBB5B29D40BFB00FA0E7F /* Coffee.swift in Sources */,
				CF3DBB4229D404C100FA0E7F /* AppDelegate.swift in Sources */,
				CF3DBB6229D490CE00FA0E7F /* CoffeeTableViewController.swift in Sources */,
				CF3DBB5D29D4337E00FA0E7F /* DataStore.swift in Sources */,
				CF3DBB4429D404C100FA0E7F /* SceneDelegate.swift in Sources */,
			);
			runOnlyForDeploymentPostprocessing = 0;
		};
/* End PBXSourcesBuildPhase section */

/* Begin PBXVariantGroup section */
		CF3DBB4729D404C100FA0E7F /* Main.storyboard */ = {
			isa = PBXVariantGroup;
			children = (
				CF3DBB4829D404C100FA0E7F /* Base */,
			);
			name = Main.storyboard;
			sourceTree = "<group>";
		};
		CF3DBB4C29D404C300FA0E7F /* LaunchScreen.storyboard */ = {
			isa = PBXVariantGroup;
			children = (
				CF3DBB4D29D404C300FA0E7F /* Base */,
			);
			name = LaunchScreen.storyboard;
			sourceTree = "<group>";
		};
/* End PBXVariantGroup section */

/* Begin XCBuildConfiguration section */
		CF3DBB5029D404C300FA0E7F /* Debug */ = {
			isa = XCBuildConfiguration;
			buildSettings = {
				ALWAYS_SEARCH_USER_PATHS = NO;
				CLANG_ANALYZER_NONNULL = YES;
				CLANG_ANALYZER_NUMBER_OBJECT_CONVERSION = YES_AGGRESSIVE;
				CLANG_CXX_LANGUAGE_STANDARD = "gnu++20";
				CLANG_ENABLE_MODULES = YES;
				CLANG_ENABLE_OBJC_ARC = YES;
				CLANG_ENABLE_OBJC_WEAK = YES;
				CLANG_WARN_BLOCK_CAPTURE_AUTORELEASING = YES;
				CLANG_WARN_BOOL_CONVERSION = YES;
				CLANG_WARN_COMMA = YES;
				CLANG_WARN_CONSTANT_CONVERSION = YES;
				CLANG_WARN_DEPRECATED_OBJC_IMPLEMENTATIONS = YES;
				CLANG_WARN_DIRECT_OBJC_ISA_USAGE = YES_ERROR;
				CLANG_WARN_DOCUMENTATION_COMMENTS = YES;
				CLANG_WARN_EMPTY_BODY = YES;
				CLANG_WARN_ENUM_CONVERSION = YES;
				CLANG_WARN_INFINITE_RECURSION = YES;
				CLANG_WARN_INT_CONVERSION = YES;
				CLANG_WARN_NON_LITERAL_NULL_CONVERSION = YES;
				CLANG_WARN_OBJC_IMPLICIT_RETAIN_SELF = YES;
				CLANG_WARN_OBJC_LITERAL_CONVERSION = YES;
				CLANG_WARN_OBJC_ROOT_CLASS = YES_ERROR;
				CLANG_WARN_QUOTED_INCLUDE_IN_FRAMEWORK_HEADER = YES;
				CLANG_WARN_RANGE_LOOP_ANALYSIS = YES;
				CLANG_WARN_STRICT_PROTOTYPES = YES;
				CLANG_WARN_SUSPICIOUS_MOVE = YES;
				CLANG_WARN_UNGUARDED_AVAILABILITY = YES_AGGRESSIVE;
				CLANG_WARN_UNREACHABLE_CODE = YES;
				CLANG_WARN__DUPLICATE_METHOD_MATCH = YES;
				COPY_PHASE_STRIP = NO;
				DEBUG_INFORMATION_FORMAT = dwarf;
				ENABLE_STRICT_OBJC_MSGSEND = YES;
				ENABLE_TESTABILITY = YES;
				GCC_C_LANGUAGE_STANDARD = gnu11;
				GCC_DYNAMIC_NO_PIC = NO;
				GCC_NO_COMMON_BLOCKS = YES;
				GCC_OPTIMIZATION_LEVEL = 0;
				GCC_PREPROCESSOR_DEFINITIONS = (
					"DEBUG=1",
					"$(inherited)",
				);
				GCC_WARN_64_TO_32_BIT_CONVERSION = YES;
				GCC_WARN_ABOUT_RETURN_TYPE = YES_ERROR;
				GCC_WARN_UNDECLARED_SELECTOR = YES;
				GCC_WARN_UNINITIALIZED_AUTOS = YES_AGGRESSIVE;
				GCC_WARN_UNUSED_FUNCTION = YES;
				GCC_WARN_UNUSED_VARIABLE = YES;
				IPHONEOS_DEPLOYMENT_TARGET = 16.2;
				MTL_ENABLE_DEBUG_INFO = INCLUDE_SOURCE;
				MTL_FAST_MATH = YES;
				ONLY_ACTIVE_ARCH = YES;
				SDKROOT = iphoneos;
				SWIFT_ACTIVE_COMPILATION_CONDITIONS = DEBUG;
				SWIFT_OPTIMIZATION_LEVEL = "-Onone";
			};
			name = Debug;
		};
		CF3DBB5129D404C300FA0E7F /* Release */ = {
			isa = XCBuildConfiguration;
			buildSettings = {
				ALWAYS_SEARCH_USER_PATHS = NO;
				CLANG_ANALYZER_NONNULL = YES;
				CLANG_ANALYZER_NUMBER_OBJECT_CONVERSION = YES_AGGRESSIVE;
				CLANG_CXX_LANGUAGE_STANDARD = "gnu++20";
				CLANG_ENABLE_MODULES = YES;
				CLANG_ENABLE_OBJC_ARC = YES;
				CLANG_ENABLE_OBJC_WEAK = YES;
				CLANG_WARN_BLOCK_CAPTURE_AUTORELEASING = YES;
				CLANG_WARN_BOOL_CONVERSION = YES;
				CLANG_WARN_COMMA = YES;
				CLANG_WARN_CONSTANT_CONVERSION = YES;
				CLANG_WARN_DEPRECATED_OBJC_IMPLEMENTATIONS = YES;
				CLANG_WARN_DIRECT_OBJC_ISA_USAGE = YES_ERROR;
				CLANG_WARN_DOCUMENTATION_COMMENTS = YES;
				CLANG_WARN_EMPTY_BODY = YES;
				CLANG_WARN_ENUM_CONVERSION = YES;
				CLANG_WARN_INFINITE_RECURSION = YES;
				CLANG_WARN_INT_CONVERSION = YES;
				CLANG_WARN_NON_LITERAL_NULL_CONVERSION = YES;
				CLANG_WARN_OBJC_IMPLICIT_RETAIN_SELF = YES;
				CLANG_WARN_OBJC_LITERAL_CONVERSION = YES;
				CLANG_WARN_OBJC_ROOT_CLASS = YES_ERROR;
				CLANG_WARN_QUOTED_INCLUDE_IN_FRAMEWORK_HEADER = YES;
				CLANG_WARN_RANGE_LOOP_ANALYSIS = YES;
				CLANG_WARN_STRICT_PROTOTYPES = YES;
				CLANG_WARN_SUSPICIOUS_MOVE = YES;
				CLANG_WARN_UNGUARDED_AVAILABILITY = YES_AGGRESSIVE;
				CLANG_WARN_UNREACHABLE_CODE = YES;
				CLANG_WARN__DUPLICATE_METHOD_MATCH = YES;
				COPY_PHASE_STRIP = NO;
				DEBUG_INFORMATION_FORMAT = "dwarf-with-dsym";
				ENABLE_NS_ASSERTIONS = NO;
				ENABLE_STRICT_OBJC_MSGSEND = YES;
				GCC_C_LANGUAGE_STANDARD = gnu11;
				GCC_NO_COMMON_BLOCKS = YES;
				GCC_WARN_64_TO_32_BIT_CONVERSION = YES;
				GCC_WARN_ABOUT_RETURN_TYPE = YES_ERROR;
				GCC_WARN_UNDECLARED_SELECTOR = YES;
				GCC_WARN_UNINITIALIZED_AUTOS = YES_AGGRESSIVE;
				GCC_WARN_UNUSED_FUNCTION = YES;
				GCC_WARN_UNUSED_VARIABLE = YES;
				IPHONEOS_DEPLOYMENT_TARGET = 16.2;
				MTL_ENABLE_DEBUG_INFO = NO;
				MTL_FAST_MATH = YES;
				SDKROOT = iphoneos;
				SWIFT_COMPILATION_MODE = wholemodule;
				SWIFT_OPTIMIZATION_LEVEL = "-O";
				VALIDATE_PRODUCT = YES;
			};
			name = Release;
		};
		CF3DBB5329D404C300FA0E7F /* Debug */ = {
			isa = XCBuildConfiguration;
			buildSettings = {
				ASSETCATALOG_COMPILER_APPICON_NAME = AppIcon;
				ASSETCATALOG_COMPILER_GLOBAL_ACCENT_COLOR_NAME = AccentColor;
				CODE_SIGN_STYLE = Automatic;
				CURRENT_PROJECT_VERSION = 1;
				DEVELOPMENT_TEAM = TN6W662TZ9;
				GENERATE_INFOPLIST_FILE = YES;
				INFOPLIST_FILE = "Genuine coffee guide/App/Info.plist";
				INFOPLIST_KEY_UIApplicationSupportsIndirectInputEvents = YES;
				INFOPLIST_KEY_UILaunchStoryboardName = LaunchScreen;
				INFOPLIST_KEY_UIMainStoryboardFile = Main;
				INFOPLIST_KEY_UIStatusBarStyle = UIStatusBarStyleDarkContent;
				INFOPLIST_KEY_UISupportedInterfaceOrientations = "UIInterfaceOrientationLandscapeLeft UIInterfaceOrientationLandscapeRight UIInterfaceOrientationPortrait";
				INFOPLIST_KEY_UISupportedInterfaceOrientations_iPad = "UIInterfaceOrientationLandscapeLeft UIInterfaceOrientationLandscapeRight UIInterfaceOrientationPortrait UIInterfaceOrientationPortraitUpsideDown";
				LD_RUNPATH_SEARCH_PATHS = (
					"$(inherited)",
					"@executable_path/Frameworks",
				);
				MARKETING_VERSION = 1.0;
				PRODUCT_BUNDLE_IDENTIFIER = "Kirill-Kniga.Genuine-coffee-guide";
				PRODUCT_NAME = "$(TARGET_NAME)";
				SUPPORTED_PLATFORMS = "iphoneos iphonesimulator";
				SUPPORTS_MACCATALYST = NO;
				SUPPORTS_MAC_DESIGNED_FOR_IPHONE_IPAD = NO;
				SWIFT_EMIT_LOC_STRINGS = YES;
				SWIFT_VERSION = 5.0;
				TARGETED_DEVICE_FAMILY = "1,2";
			};
			name = Debug;
		};
		CF3DBB5429D404C300FA0E7F /* Release */ = {
			isa = XCBuildConfiguration;
			buildSettings = {
				ASSETCATALOG_COMPILER_APPICON_NAME = AppIcon;
				ASSETCATALOG_COMPILER_GLOBAL_ACCENT_COLOR_NAME = AccentColor;
				CODE_SIGN_STYLE = Automatic;
				CURRENT_PROJECT_VERSION = 1;
				DEVELOPMENT_TEAM = TN6W662TZ9;
				GENERATE_INFOPLIST_FILE = YES;
				INFOPLIST_FILE = "Genuine coffee guide/App/Info.plist";
				INFOPLIST_KEY_UIApplicationSupportsIndirectInputEvents = YES;
				INFOPLIST_KEY_UILaunchStoryboardName = LaunchScreen;
				INFOPLIST_KEY_UIMainStoryboardFile = Main;
				INFOPLIST_KEY_UIStatusBarStyle = UIStatusBarStyleDarkContent;
				INFOPLIST_KEY_UISupportedInterfaceOrientations = "UIInterfaceOrientationLandscapeLeft UIInterfaceOrientationLandscapeRight UIInterfaceOrientationPortrait";
				INFOPLIST_KEY_UISupportedInterfaceOrientations_iPad = "UIInterfaceOrientationLandscapeLeft UIInterfaceOrientationLandscapeRight UIInterfaceOrientationPortrait UIInterfaceOrientationPortraitUpsideDown";
				LD_RUNPATH_SEARCH_PATHS = (
					"$(inherited)",
					"@executable_path/Frameworks",
				);
				MARKETING_VERSION = 1.0;
				PRODUCT_BUNDLE_IDENTIFIER = "Kirill-Kniga.Genuine-coffee-guide";
				PRODUCT_NAME = "$(TARGET_NAME)";
				SUPPORTED_PLATFORMS = "iphoneos iphonesimulator";
				SUPPORTS_MACCATALYST = NO;
				SUPPORTS_MAC_DESIGNED_FOR_IPHONE_IPAD = NO;
				SWIFT_EMIT_LOC_STRINGS = YES;
				SWIFT_VERSION = 5.0;
				TARGETED_DEVICE_FAMILY = "1,2";
			};
			name = Release;
		};
/* End XCBuildConfiguration section */

/* Begin XCConfigurationList section */
		CF3DBB3929D404C100FA0E7F /* Build configuration list for PBXProject "Genuine coffee guide" */ = {
			isa = XCConfigurationList;
			buildConfigurations = (
				CF3DBB5029D404C300FA0E7F /* Debug */,
				CF3DBB5129D404C300FA0E7F /* Release */,
			);
			defaultConfigurationIsVisible = 0;
			defaultConfigurationName = Release;
		};
		CF3DBB5229D404C300FA0E7F /* Build configuration list for PBXNativeTarget "Genuine coffee guide" */ = {
			isa = XCConfigurationList;
			buildConfigurations = (
				CF3DBB5329D404C300FA0E7F /* Debug */,
				CF3DBB5429D404C300FA0E7F /* Release */,
			);
			defaultConfigurationIsVisible = 0;
			defaultConfigurationName = Release;
		};
/* End XCConfigurationList section */
	};
	rootObject = CF3DBB3629D404C100FA0E7F /* Project object */;
}
